
Microsoft Visual Studio Solution File, Format Version 12.00
# Visual Studio Version 16
VisualStudioVersion = 16.0.36631.11
MinimumVisualStudioVersion = 10.0.40219.1
Project("{FAE04EC0-301F-11D3-BF4B-00C04F79EFBC}") = "TestPlugin", "TestPlugin\TestPlugin.csproj", "{74503ADD-5C4A-4EA3-9BD2-E27E0BD53C97}"
EndProject
Global
	GlobalSection(SolutionConfigurationPlatforms) = preSolution
		Debug|Any CPU = Debug|Any CPU
		Release|Any CPU = Release|Any CPU
	EndGlobalSection
	GlobalSection(ProjectConfigurationPlatforms) = postSolution
		{74503ADD-5C4A-4EA3-9BD2-E27E0BD53C97}.Debug|Any CPU.ActiveCfg = Debug|Any CPU
		{74503ADD-5C4A-4EA3-9BD2-E27E0BD53C97}.Debug|Any CPU.Build.0 = Debug|Any CPU
		{74503ADD-5C4A-4EA3-9BD2-E27E0BD53C97}.Release|Any CPU.ActiveCfg = Release|Any CPU
		{74503ADD-5C4A-4EA3-9BD2-E27E0BD53C97}.Release|Any CPU.Build.0 = Release|Any CPU
	EndGlobalSection
	GlobalSection(SolutionProperties) = preSolution
		HideSolutionNode = FALSE
	EndGlobalSection
	GlobalSection(ExtensibilityGlobals) = postSolution
		SolutionGuid = {7579E0F9-3B01-426E-BD82-5AD57FDF26E2}
	EndGlobalSection
EndGlobal
